// !$*UTF8*$!
{
	archiveVersion = 1;
	classes = {
	};
	objectVersion = 52;
	objects = {

/* Begin PBXBuildFile section */
		D73BCCB525B3B74200897224 /* ComponentModel.swift in Sources */ = {isa = PBXBuildFile; fileRef = D73BCCB425B3B74200897224 /* ComponentModel.swift */; };
		D73BCCB925B3B76E00897224 /* ComponentModel+Decoders.swift in Sources */ = {isa = PBXBuildFile; fileRef = D73BCCB825B3B76E00897224 /* ComponentModel+Decoders.swift */; };
		D73BCCBD25B3B9B100897224 /* UIKitFactory.swift in Sources */ = {isa = PBXBuildFile; fileRef = D73BCCBC25B3B9B100897224 /* UIKitFactory.swift */; };
		D73BCCC225B3BB3400897224 /* TinyConstraints in Frameworks */ = {isa = PBXBuildFile; productRef = D73BCCC125B3BB3400897224 /* TinyConstraints */; };
		D73FB5A525B03031004F63EE /* AppDelegate.swift in Sources */ = {isa = PBXBuildFile; fileRef = D73FB5A425B03031004F63EE /* AppDelegate.swift */; };
		D73FB5A725B03031004F63EE /* SceneDelegate.swift in Sources */ = {isa = PBXBuildFile; fileRef = D73FB5A625B03031004F63EE /* SceneDelegate.swift */; };
		D73FB5A925B03031004F63EE /* DynamicVC.swift in Sources */ = {isa = PBXBuildFile; fileRef = D73FB5A825B03031004F63EE /* DynamicVC.swift */; };
		D73FB5AC25B03031004F63EE /* Main.storyboard in Resources */ = {isa = PBXBuildFile; fileRef = D73FB5AA25B03031004F63EE /* Main.storyboard */; };
		D73FB5AE25B03032004F63EE /* Assets.xcassets in Resources */ = {isa = PBXBuildFile; fileRef = D73FB5AD25B03032004F63EE /* Assets.xcassets */; };
		D73FB5B125B03032004F63EE /* LaunchScreen.storyboard in Resources */ = {isa = PBXBuildFile; fileRef = D73FB5AF25B03032004F63EE /* LaunchScreen.storyboard */; };
		D777522025B230540021ADFF /* RJSLibUFBase in Frameworks */ = {isa = PBXBuildFile; productRef = D777521F25B230540021ADFF /* RJSLibUFBase */; };
		D777522425B230540021ADFF /* RJSLibUFAppThemes in Frameworks */ = {isa = PBXBuildFile; productRef = D777522325B230540021ADFF /* RJSLibUFAppThemes */; };
		D79E41CD25B4373E00674A2A /* typealias.swift in Sources */ = {isa = PBXBuildFile; fileRef = D79E41CC25B4373E00674A2A /* typealias.swift */; };
		D79E41D225B437A500674A2A /* UIColor+ComponentColor.swift in Sources */ = {isa = PBXBuildFile; fileRef = D79E41D125B437A500674A2A /* UIColor+ComponentColor.swift */; };
		D79E41D625B439DA00674A2A /* LabelWithPadding.swift in Sources */ = {isa = PBXBuildFile; fileRef = D79E41D525B439DA00674A2A /* LabelWithPadding.swift */; };
		D79E41E025B43E5800674A2A /* FilterStrength.swift in Sources */ = {isa = PBXBuildFile; fileRef = D79E41DF25B43E5800674A2A /* FilterStrength.swift */; };
		D79E41E425B43E6F00674A2A /* PointFree.swift in Sources */ = {isa = PBXBuildFile; fileRef = D79E41E325B43E6F00674A2A /* PointFree.swift */; };
		D79E41E925B43EF600674A2A /* UIView+UIUtils.swift in Sources */ = {isa = PBXBuildFile; fileRef = D79E41E825B43EF600674A2A /* UIView+UIUtils.swift */; };
		D79E41F025B43F3F00674A2A /* UILabel+LayoutStyle.swift in Sources */ = {isa = PBXBuildFile; fileRef = D79E41EF25B43F3F00674A2A /* UILabel+LayoutStyle.swift */; };
		D79E41FA25B43FCE00674A2A /* Designables.swift in Sources */ = {isa = PBXBuildFile; fileRef = D79E41F925B43FCE00674A2A /* Designables.swift */; };
		D79E41FF25B43FF400674A2A /* UIStackView+UIUtils.swift in Sources */ = {isa = PBXBuildFile; fileRef = D79E41FE25B43FF400674A2A /* UIStackView+UIUtils.swift */; };
		D79E420525B4403500674A2A /* UIScrollView+UIUtils.swift in Sources */ = {isa = PBXBuildFile; fileRef = D79E420425B4403500674A2A /* UIScrollView+UIUtils.swift */; };
		D79E420925B4408000674A2A /* UIButton+LayoutStyle.swift in Sources */ = {isa = PBXBuildFile; fileRef = D79E420825B4408000674A2A /* UIButton+LayoutStyle.swift */; };
		D79E420D25B44B2800674A2A /* ScreenA.json in Resources */ = {isa = PBXBuildFile; fileRef = D79E420C25B44B2800674A2A /* ScreenA.json */; };
		D7AB55F325B46CD100CB21D3 /* ComponentModel+Loaders.swift in Sources */ = {isa = PBXBuildFile; fileRef = D7AB55F225B46CD100CB21D3 /* ComponentModel+Loaders.swift */; };
		D7AB55F825B46D9B00CB21D3 /* ComponentModel+Getters.swift in Sources */ = {isa = PBXBuildFile; fileRef = D7AB55F725B46D9B00CB21D3 /* ComponentModel+Getters.swift */; };
		D7AB560225B48CCA00CB21D3 /* ScreenB.json in Resources */ = {isa = PBXBuildFile; fileRef = D7AB560125B48CCA00CB21D3 /* ScreenB.json */; };
		D7AB560725B4B0AF00CB21D3 /* UIView+ComponentModel.swift in Sources */ = {isa = PBXBuildFile; fileRef = D7AB560625B4B0AF00CB21D3 /* UIView+ComponentModel.swift */; };
		D7AB560C25B4B5B400CB21D3 /* ScreenC.json in Resources */ = {isa = PBXBuildFile; fileRef = D7AB560B25B4B5B400CB21D3 /* ScreenC.json */; };
		D7AB561025B4DBB200CB21D3 /* DynamicViewControllerProtocol.swift in Sources */ = {isa = PBXBuildFile; fileRef = D7AB560F25B4DBB200CB21D3 /* DynamicViewControllerProtocol.swift */; };
		D7AB561725B4DC0200CB21D3 /* ActionsManager.swift in Sources */ = {isa = PBXBuildFile; fileRef = D7AB561625B4DC0200CB21D3 /* ActionsManager.swift */; };
		D7C7E9F725B58421000C90D0 /* DynamicBaseVC.swift in Sources */ = {isa = PBXBuildFile; fileRef = D7C7E9F625B58421000C90D0 /* DynamicBaseVC.swift */; };
/* End PBXBuildFile section */

/* Begin PBXFileReference section */
		D73BCCB425B3B74200897224 /* ComponentModel.swift */ = {isa = PBXFileReference; lastKnownFileType = sourcecode.swift; path = ComponentModel.swift; sourceTree = "<group>"; };
		D73BCCB825B3B76E00897224 /* ComponentModel+Decoders.swift */ = {isa = PBXFileReference; fileEncoding = 4; lastKnownFileType = sourcecode.swift; path = "ComponentModel+Decoders.swift"; sourceTree = "<group>"; };
		D73BCCBC25B3B9B100897224 /* UIKitFactory.swift */ = {isa = PBXFileReference; lastKnownFileType = sourcecode.swift; path = UIKitFactory.swift; sourceTree = "<group>"; };
		D73FB5A125B03031004F63EE /* RJPSNativeMobileUIClient.app */ = {isa = PBXFileReference; explicitFileType = wrapper.application; includeInIndex = 0; path = RJPSNativeMobileUIClient.app; sourceTree = BUILT_PRODUCTS_DIR; };
		D73FB5A425B03031004F63EE /* AppDelegate.swift */ = {isa = PBXFileReference; lastKnownFileType = sourcecode.swift; path = AppDelegate.swift; sourceTree = "<group>"; };
		D73FB5A625B03031004F63EE /* SceneDelegate.swift */ = {isa = PBXFileReference; lastKnownFileType = sourcecode.swift; path = SceneDelegate.swift; sourceTree = "<group>"; };
		D73FB5A825B03031004F63EE /* DynamicVC.swift */ = {isa = PBXFileReference; lastKnownFileType = sourcecode.swift; path = DynamicVC.swift; sourceTree = "<group>"; };
		D73FB5AB25B03031004F63EE /* Base */ = {isa = PBXFileReference; lastKnownFileType = file.storyboard; name = Base; path = Base.lproj/Main.storyboard; sourceTree = "<group>"; };
		D73FB5AD25B03032004F63EE /* Assets.xcassets */ = {isa = PBXFileReference; lastKnownFileType = folder.assetcatalog; path = Assets.xcassets; sourceTree = "<group>"; };
		D73FB5B025B03032004F63EE /* Base */ = {isa = PBXFileReference; lastKnownFileType = file.storyboard; name = Base; path = Base.lproj/LaunchScreen.storyboard; sourceTree = "<group>"; };
		D73FB5B225B03032004F63EE /* Info.plist */ = {isa = PBXFileReference; lastKnownFileType = text.plist.xml; path = Info.plist; sourceTree = "<group>"; };
		D79E41CC25B4373E00674A2A /* typealias.swift */ = {isa = PBXFileReference; fileEncoding = 4; lastKnownFileType = sourcecode.swift; path = typealias.swift; sourceTree = "<group>"; };
		D79E41D125B437A500674A2A /* UIColor+ComponentColor.swift */ = {isa = PBXFileReference; lastKnownFileType = sourcecode.swift; path = "UIColor+ComponentColor.swift"; sourceTree = "<group>"; };
		D79E41D525B439DA00674A2A /* LabelWithPadding.swift */ = {isa = PBXFileReference; fileEncoding = 4; lastKnownFileType = sourcecode.swift; path = LabelWithPadding.swift; sourceTree = "<group>"; };
		D79E41DF25B43E5800674A2A /* FilterStrength.swift */ = {isa = PBXFileReference; lastKnownFileType = sourcecode.swift; path = FilterStrength.swift; sourceTree = "<group>"; };
		D79E41E325B43E6F00674A2A /* PointFree.swift */ = {isa = PBXFileReference; lastKnownFileType = sourcecode.swift; path = PointFree.swift; sourceTree = "<group>"; };
		D79E41E825B43EF600674A2A /* UIView+UIUtils.swift */ = {isa = PBXFileReference; lastKnownFileType = sourcecode.swift; path = "UIView+UIUtils.swift"; sourceTree = "<group>"; };
		D79E41EF25B43F3F00674A2A /* UILabel+LayoutStyle.swift */ = {isa = PBXFileReference; lastKnownFileType = sourcecode.swift; path = "UILabel+LayoutStyle.swift"; sourceTree = "<group>"; };
		D79E41F925B43FCE00674A2A /* Designables.swift */ = {isa = PBXFileReference; lastKnownFileType = sourcecode.swift; path = Designables.swift; sourceTree = "<group>"; };
		D79E41FE25B43FF400674A2A /* UIStackView+UIUtils.swift */ = {isa = PBXFileReference; lastKnownFileType = sourcecode.swift; path = "UIStackView+UIUtils.swift"; sourceTree = "<group>"; };
		D79E420425B4403500674A2A /* UIScrollView+UIUtils.swift */ = {isa = PBXFileReference; lastKnownFileType = sourcecode.swift; path = "UIScrollView+UIUtils.swift"; sourceTree = "<group>"; };
		D79E420825B4408000674A2A /* UIButton+LayoutStyle.swift */ = {isa = PBXFileReference; lastKnownFileType = sourcecode.swift; path = "UIButton+LayoutStyle.swift"; sourceTree = "<group>"; };
		D79E420C25B44B2800674A2A /* ScreenA.json */ = {isa = PBXFileReference; fileEncoding = 4; lastKnownFileType = text.json; path = ScreenA.json; sourceTree = "<group>"; };
		D7AB55F225B46CD100CB21D3 /* ComponentModel+Loaders.swift */ = {isa = PBXFileReference; fileEncoding = 4; lastKnownFileType = sourcecode.swift; path = "ComponentModel+Loaders.swift"; sourceTree = "<group>"; };
		D7AB55F725B46D9B00CB21D3 /* ComponentModel+Getters.swift */ = {isa = PBXFileReference; fileEncoding = 4; lastKnownFileType = sourcecode.swift; path = "ComponentModel+Getters.swift"; sourceTree = "<group>"; };
		D7AB560125B48CCA00CB21D3 /* ScreenB.json */ = {isa = PBXFileReference; fileEncoding = 4; lastKnownFileType = text.json; path = ScreenB.json; sourceTree = "<group>"; };
		D7AB560625B4B0AF00CB21D3 /* UIView+ComponentModel.swift */ = {isa = PBXFileReference; fileEncoding = 4; lastKnownFileType = sourcecode.swift; path = "UIView+ComponentModel.swift"; sourceTree = "<group>"; };
		D7AB560B25B4B5B400CB21D3 /* ScreenC.json */ = {isa = PBXFileReference; fileEncoding = 4; lastKnownFileType = text.json; path = ScreenC.json; sourceTree = "<group>"; };
		D7AB560F25B4DBB200CB21D3 /* DynamicViewControllerProtocol.swift */ = {isa = PBXFileReference; lastKnownFileType = sourcecode.swift; path = DynamicViewControllerProtocol.swift; sourceTree = "<group>"; };
		D7AB561625B4DC0200CB21D3 /* ActionsManager.swift */ = {isa = PBXFileReference; lastKnownFileType = sourcecode.swift; path = ActionsManager.swift; sourceTree = "<group>"; };
		D7C7E9F625B58421000C90D0 /* DynamicBaseVC.swift */ = {isa = PBXFileReference; lastKnownFileType = sourcecode.swift; path = DynamicBaseVC.swift; sourceTree = "<group>"; };
/* End PBXFileReference section */

/* Begin PBXFrameworksBuildPhase section */
		D73FB59E25B03031004F63EE /* Frameworks */ = {
			isa = PBXFrameworksBuildPhase;
			buildActionMask = 2147483647;
			files = (
				D73BCCC225B3BB3400897224 /* TinyConstraints in Frameworks */,
				D777522425B230540021ADFF /* RJSLibUFAppThemes in Frameworks */,
				D777522025B230540021ADFF /* RJSLibUFBase in Frameworks */,
			);
			runOnlyForDeploymentPostprocessing = 0;
		};
/* End PBXFrameworksBuildPhase section */

/* Begin PBXGroup section */
		D73BCCB325B3B73000897224 /* ComponentModel */ = {
			isa = PBXGroup;
			children = (
				D73BCCB425B3B74200897224 /* ComponentModel.swift */,
				D7AB55F225B46CD100CB21D3 /* ComponentModel+Loaders.swift */,
				D73BCCB825B3B76E00897224 /* ComponentModel+Decoders.swift */,
				D7AB55F725B46D9B00CB21D3 /* ComponentModel+Getters.swift */,
			);
			path = ComponentModel;
			sourceTree = "<group>";
		};
		D73FB59825B03031004F63EE = {
			isa = PBXGroup;
			children = (
				D73FB5A325B03031004F63EE /* RJPSNativeMobileUIClient */,
				D73FB5A225B03031004F63EE /* Products */,
			);
			sourceTree = "<group>";
		};
		D73FB5A225B03031004F63EE /* Products */ = {
			isa = PBXGroup;
			children = (
				D73FB5A125B03031004F63EE /* RJPSNativeMobileUIClient.app */,
			);
			name = Products;
			sourceTree = "<group>";
		};
		D73FB5A325B03031004F63EE /* RJPSNativeMobileUIClient */ = {
			isa = PBXGroup;
			children = (
				D7AB55F025B46BAE00CB21D3 /* SampleJSONs */,
				D79E41DB25B43DDE00674A2A /* NativeMobileUIFramework */,
				D73FB5A425B03031004F63EE /* AppDelegate.swift */,
				D73FB5A625B03031004F63EE /* SceneDelegate.swift */,
				D73FB5A825B03031004F63EE /* DynamicVC.swift */,
				D73FB5AA25B03031004F63EE /* Main.storyboard */,
				D73FB5AD25B03032004F63EE /* Assets.xcassets */,
				D73FB5AF25B03032004F63EE /* LaunchScreen.storyboard */,
				D73FB5B225B03032004F63EE /* Info.plist */,
			);
			path = RJPSNativeMobileUIClient;
			sourceTree = "<group>";
		};
		D75D0D4025B37B64001BC024 /* Extensions */ = {
			isa = PBXGroup;
			children = (
				D79E41ED25B43F2C00674A2A /* LayoutStyle */,
				D79E41E725B43EE500674A2A /* UIUtils */,
				D79E41D125B437A500674A2A /* UIColor+ComponentColor.swift */,
				D7AB560625B4B0AF00CB21D3 /* UIView+ComponentModel.swift */,
			);
			path = Extensions;
			sourceTree = "<group>";
		};
		D79E41D425B439C400674A2A /* Designables */ = {
			isa = PBXGroup;
			children = (
				D79E41D525B439DA00674A2A /* LabelWithPadding.swift */,
				D79E41F925B43FCE00674A2A /* Designables.swift */,
			);
			path = Designables;
			sourceTree = "<group>";
		};
		D79E41DB25B43DDE00674A2A /* NativeMobileUIFramework */ = {
			isa = PBXGroup;
			children = (
				D7C7E9F925B5843F000C90D0 /* Base */,
				D79E41CC25B4373E00674A2A /* typealias.swift */,
				D79E41E325B43E6F00674A2A /* PointFree.swift */,
				D73BCCBC25B3B9B100897224 /* UIKitFactory.swift */,
				D7AB561525B4DBF700CB21D3 /* Managers */,
				D7AB561325B4DBC800CB21D3 /* Protocols */,
				D79E41DE25B43E4C00674A2A /* Enuns */,
				D79E41D425B439C400674A2A /* Designables */,
				D73BCCB325B3B73000897224 /* ComponentModel */,
				D75D0D4025B37B64001BC024 /* Extensions */,
			);
			path = NativeMobileUIFramework;
			sourceTree = "<group>";
		};
		D79E41DE25B43E4C00674A2A /* Enuns */ = {
			isa = PBXGroup;
			children = (
				D79E41DF25B43E5800674A2A /* FilterStrength.swift */,
			);
			path = Enuns;
			sourceTree = "<group>";
		};
		D79E41E725B43EE500674A2A /* UIUtils */ = {
			isa = PBXGroup;
			children = (
				D79E41E825B43EF600674A2A /* UIView+UIUtils.swift */,
				D79E41FE25B43FF400674A2A /* UIStackView+UIUtils.swift */,
				D79E420425B4403500674A2A /* UIScrollView+UIUtils.swift */,
			);
			path = UIUtils;
			sourceTree = "<group>";
		};
		D79E41ED25B43F2C00674A2A /* LayoutStyle */ = {
			isa = PBXGroup;
			children = (
				D79E41EF25B43F3F00674A2A /* UILabel+LayoutStyle.swift */,
				D79E420825B4408000674A2A /* UIButton+LayoutStyle.swift */,
			);
			path = LayoutStyle;
			sourceTree = "<group>";
		};
		D7AB55F025B46BAE00CB21D3 /* SampleJSONs */ = {
			isa = PBXGroup;
			children = (
				D79E420C25B44B2800674A2A /* ScreenA.json */,
				D7AB560125B48CCA00CB21D3 /* ScreenB.json */,
				D7AB560B25B4B5B400CB21D3 /* ScreenC.json */,
			);
			path = SampleJSONs;
			sourceTree = "<group>";
		};
		D7AB561325B4DBC800CB21D3 /* Protocols */ = {
			isa = PBXGroup;
			children = (
				D7AB560F25B4DBB200CB21D3 /* DynamicViewControllerProtocol.swift */,
			);
			path = Protocols;
			sourceTree = "<group>";
		};
		D7AB561525B4DBF700CB21D3 /* Managers */ = {
			isa = PBXGroup;
			children = (
				D7AB561625B4DC0200CB21D3 /* ActionsManager.swift */,
			);
			path = Managers;
			sourceTree = "<group>";
		};
		D7C7E9F925B5843F000C90D0 /* Base */ = {
			isa = PBXGroup;
			children = (
				D7C7E9F625B58421000C90D0 /* DynamicBaseVC.swift */,
			);
			path = Base;
			sourceTree = "<group>";
		};
/* End PBXGroup section */

/* Begin PBXNativeTarget section */
		D73FB5A025B03031004F63EE /* RJPSNativeMobileUIClient */ = {
			isa = PBXNativeTarget;
			buildConfigurationList = D73FB5B525B03032004F63EE /* Build configuration list for PBXNativeTarget "RJPSNativeMobileUIClient" */;
			buildPhases = (
				D73FB59D25B03031004F63EE /* Sources */,
				D73FB59E25B03031004F63EE /* Frameworks */,
				D73FB59F25B03031004F63EE /* Resources */,
			);
			buildRules = (
			);
			dependencies = (
			);
			name = RJPSNativeMobileUIClient;
			packageProductDependencies = (
				D777521F25B230540021ADFF /* RJSLibUFBase */,
				D777522325B230540021ADFF /* RJSLibUFAppThemes */,
				D73BCCC125B3BB3400897224 /* TinyConstraints */,
			);
			productName = RJSSecuritySampleClient;
			productReference = D73FB5A125B03031004F63EE /* RJPSNativeMobileUIClient.app */;
			productType = "com.apple.product-type.application";
		};
/* End PBXNativeTarget section */

/* Begin PBXProject section */
		D73FB59925B03031004F63EE /* Project object */ = {
			isa = PBXProject;
			attributes = {
				LastSwiftUpdateCheck = 1200;
				LastUpgradeCheck = 1200;
				TargetAttributes = {
					D73FB5A025B03031004F63EE = {
						CreatedOnToolsVersion = 12.0.1;
					};
				};
			};
			buildConfigurationList = D73FB59C25B03031004F63EE /* Build configuration list for PBXProject "RJPSNativeMobileUIClient" */;
			compatibilityVersion = "Xcode 9.3";
			developmentRegion = en;
			hasScannedForEncodings = 0;
			knownRegions = (
				en,
				Base,
			);
			mainGroup = D73FB59825B03031004F63EE;
			packageReferences = (
				D777521C25B230540021ADFF /* XCRemoteSwiftPackageReference "RJSLibUF" */,
				D73BCCC025B3BB3300897224 /* XCRemoteSwiftPackageReference "TinyConstraints" */,
			);
			productRefGroup = D73FB5A225B03031004F63EE /* Products */;
			projectDirPath = "";
			projectRoot = "";
			targets = (
				D73FB5A025B03031004F63EE /* RJPSNativeMobileUIClient */,
			);
		};
/* End PBXProject section */

/* Begin PBXResourcesBuildPhase section */
		D73FB59F25B03031004F63EE /* Resources */ = {
			isa = PBXResourcesBuildPhase;
			buildActionMask = 2147483647;
			files = (
				D73FB5B125B03032004F63EE /* LaunchScreen.storyboard in Resources */,
				D79E420D25B44B2800674A2A /* ScreenA.json in Resources */,
				D73FB5AE25B03032004F63EE /* Assets.xcassets in Resources */,
				D7AB560225B48CCA00CB21D3 /* ScreenB.json in Resources */,
				D7AB560C25B4B5B400CB21D3 /* ScreenC.json in Resources */,
				D73FB5AC25B03031004F63EE /* Main.storyboard in Resources */,
			);
			runOnlyForDeploymentPostprocessing = 0;
		};
/* End PBXResourcesBuildPhase section */

/* Begin PBXSourcesBuildPhase section */
		D73FB59D25B03031004F63EE /* Sources */ = {
			isa = PBXSourcesBuildPhase;
			buildActionMask = 2147483647;
			files = (
				D7AB55F325B46CD100CB21D3 /* ComponentModel+Loaders.swift in Sources */,
				D73BCCB925B3B76E00897224 /* ComponentModel+Decoders.swift in Sources */,
				D79E41CD25B4373E00674A2A /* typealias.swift in Sources */,
				D7AB560725B4B0AF00CB21D3 /* UIView+ComponentModel.swift in Sources */,
				D7AB55F825B46D9B00CB21D3 /* ComponentModel+Getters.swift in Sources */,
				D73BCCB525B3B74200897224 /* ComponentModel.swift in Sources */,
				D73FB5A925B03031004F63EE /* DynamicVC.swift in Sources */,
				D79E41D225B437A500674A2A /* UIColor+ComponentColor.swift in Sources */,
				D79E41E425B43E6F00674A2A /* PointFree.swift in Sources */,
				D7AB561725B4DC0200CB21D3 /* ActionsManager.swift in Sources */,
				D7C7E9F725B58421000C90D0 /* DynamicBaseVC.swift in Sources */,
				D79E420925B4408000674A2A /* UIButton+LayoutStyle.swift in Sources */,
				D73BCCBD25B3B9B100897224 /* UIKitFactory.swift in Sources */,
				D73FB5A525B03031004F63EE /* AppDelegate.swift in Sources */,
				D79E41F025B43F3F00674A2A /* UILabel+LayoutStyle.swift in Sources */,
				D79E41FA25B43FCE00674A2A /* Designables.swift in Sources */,
				D79E420525B4403500674A2A /* UIScrollView+UIUtils.swift in Sources */,
				D79E41FF25B43FF400674A2A /* UIStackView+UIUtils.swift in Sources */,
				D7AB561025B4DBB200CB21D3 /* DynamicViewControllerProtocol.swift in Sources */,
				D73FB5A725B03031004F63EE /* SceneDelegate.swift in Sources */,
				D79E41E925B43EF600674A2A /* UIView+UIUtils.swift in Sources */,
				D79E41E025B43E5800674A2A /* FilterStrength.swift in Sources */,
				D79E41D625B439DA00674A2A /* LabelWithPadding.swift in Sources */,
			);
			runOnlyForDeploymentPostprocessing = 0;
		};
/* End PBXSourcesBuildPhase section */

/* Begin PBXVariantGroup section */
		D73FB5AA25B03031004F63EE /* Main.storyboard */ = {
			isa = PBXVariantGroup;
			children = (
				D73FB5AB25B03031004F63EE /* Base */,
			);
			name = Main.storyboard;
			sourceTree = "<group>";
		};
		D73FB5AF25B03032004F63EE /* LaunchScreen.storyboard */ = {
			isa = PBXVariantGroup;
			children = (
				D73FB5B025B03032004F63EE /* Base */,
			);
			name = LaunchScreen.storyboard;
			sourceTree = "<group>";
		};
/* End PBXVariantGroup section */

/* Begin XCBuildConfiguration section */
		D73FB5B325B03032004F63EE /* Debug */ = {
			isa = XCBuildConfiguration;
			buildSettings = {
				ALWAYS_SEARCH_USER_PATHS = NO;
				CLANG_ANALYZER_NONNULL = YES;
				CLANG_ANALYZER_NUMBER_OBJECT_CONVERSION = YES_AGGRESSIVE;
				CLANG_CXX_LANGUAGE_STANDARD = "gnu++14";
				CLANG_CXX_LIBRARY = "libc++";
				CLANG_ENABLE_MODULES = YES;
				CLANG_ENABLE_OBJC_ARC = YES;
				CLANG_ENABLE_OBJC_WEAK = YES;
				CLANG_WARN_BLOCK_CAPTURE_AUTORELEASING = YES;
				CLANG_WARN_BOOL_CONVERSION = YES;
				CLANG_WARN_COMMA = YES;
				CLANG_WARN_CONSTANT_CONVERSION = YES;
				CLANG_WARN_DEPRECATED_OBJC_IMPLEMENTATIONS = YES;
				CLANG_WARN_DIRECT_OBJC_ISA_USAGE = YES_ERROR;
				CLANG_WARN_DOCUMENTATION_COMMENTS = YES;
				CLANG_WARN_EMPTY_BODY = YES;
				CLANG_WARN_ENUM_CONVERSION = YES;
				CLANG_WARN_INFINITE_RECURSION = YES;
				CLANG_WARN_INT_CONVERSION = YES;
				CLANG_WARN_NON_LITERAL_NULL_CONVERSION = YES;
				CLANG_WARN_OBJC_IMPLICIT_RETAIN_SELF = YES;
				CLANG_WARN_OBJC_LITERAL_CONVERSION = YES;
				CLANG_WARN_OBJC_ROOT_CLASS = YES_ERROR;
				CLANG_WARN_QUOTED_INCLUDE_IN_FRAMEWORK_HEADER = YES;
				CLANG_WARN_RANGE_LOOP_ANALYSIS = YES;
				CLANG_WARN_STRICT_PROTOTYPES = YES;
				CLANG_WARN_SUSPICIOUS_MOVE = YES;
				CLANG_WARN_UNGUARDED_AVAILABILITY = YES_AGGRESSIVE;
				CLANG_WARN_UNREACHABLE_CODE = YES;
				CLANG_WARN__DUPLICATE_METHOD_MATCH = YES;
				COPY_PHASE_STRIP = NO;
				DEBUG_INFORMATION_FORMAT = dwarf;
				ENABLE_STRICT_OBJC_MSGSEND = YES;
				ENABLE_TESTABILITY = YES;
				GCC_C_LANGUAGE_STANDARD = gnu11;
				GCC_DYNAMIC_NO_PIC = NO;
				GCC_NO_COMMON_BLOCKS = YES;
				GCC_OPTIMIZATION_LEVEL = 0;
				GCC_PREPROCESSOR_DEFINITIONS = (
					"DEBUG=1",
					"$(inherited)",
				);
				GCC_WARN_64_TO_32_BIT_CONVERSION = YES;
				GCC_WARN_ABOUT_RETURN_TYPE = YES_ERROR;
				GCC_WARN_UNDECLARED_SELECTOR = YES;
				GCC_WARN_UNINITIALIZED_AUTOS = YES_AGGRESSIVE;
				GCC_WARN_UNUSED_FUNCTION = YES;
				GCC_WARN_UNUSED_VARIABLE = YES;
				IPHONEOS_DEPLOYMENT_TARGET = 13.0;
				MTL_ENABLE_DEBUG_INFO = INCLUDE_SOURCE;
				MTL_FAST_MATH = YES;
				ONLY_ACTIVE_ARCH = YES;
				SDKROOT = iphoneos;
				SWIFT_ACTIVE_COMPILATION_CONDITIONS = DEBUG;
				SWIFT_OPTIMIZATION_LEVEL = "-Onone";
			};
			name = Debug;
		};
		D73FB5B425B03032004F63EE /* Release */ = {
			isa = XCBuildConfiguration;
			buildSettings = {
				ALWAYS_SEARCH_USER_PATHS = NO;
				CLANG_ANALYZER_NONNULL = YES;
				CLANG_ANALYZER_NUMBER_OBJECT_CONVERSION = YES_AGGRESSIVE;
				CLANG_CXX_LANGUAGE_STANDARD = "gnu++14";
				CLANG_CXX_LIBRARY = "libc++";
				CLANG_ENABLE_MODULES = YES;
				CLANG_ENABLE_OBJC_ARC = YES;
				CLANG_ENABLE_OBJC_WEAK = YES;
				CLANG_WARN_BLOCK_CAPTURE_AUTORELEASING = YES;
				CLANG_WARN_BOOL_CONVERSION = YES;
				CLANG_WARN_COMMA = YES;
				CLANG_WARN_CONSTANT_CONVERSION = YES;
				CLANG_WARN_DEPRECATED_OBJC_IMPLEMENTATIONS = YES;
				CLANG_WARN_DIRECT_OBJC_ISA_USAGE = YES_ERROR;
				CLANG_WARN_DOCUMENTATION_COMMENTS = YES;
				CLANG_WARN_EMPTY_BODY = YES;
				CLANG_WARN_ENUM_CONVERSION = YES;
				CLANG_WARN_INFINITE_RECURSION = YES;
				CLANG_WARN_INT_CONVERSION = YES;
				CLANG_WARN_NON_LITERAL_NULL_CONVERSION = YES;
				CLANG_WARN_OBJC_IMPLICIT_RETAIN_SELF = YES;
				CLANG_WARN_OBJC_LITERAL_CONVERSION = YES;
				CLANG_WARN_OBJC_ROOT_CLASS = YES_ERROR;
				CLANG_WARN_QUOTED_INCLUDE_IN_FRAMEWORK_HEADER = YES;
				CLANG_WARN_RANGE_LOOP_ANALYSIS = YES;
				CLANG_WARN_STRICT_PROTOTYPES = YES;
				CLANG_WARN_SUSPICIOUS_MOVE = YES;
				CLANG_WARN_UNGUARDED_AVAILABILITY = YES_AGGRESSIVE;
				CLANG_WARN_UNREACHABLE_CODE = YES;
				CLANG_WARN__DUPLICATE_METHOD_MATCH = YES;
				COPY_PHASE_STRIP = NO;
				DEBUG_INFORMATION_FORMAT = "dwarf-with-dsym";
				ENABLE_NS_ASSERTIONS = NO;
				ENABLE_STRICT_OBJC_MSGSEND = YES;
				GCC_C_LANGUAGE_STANDARD = gnu11;
				GCC_NO_COMMON_BLOCKS = YES;
				GCC_WARN_64_TO_32_BIT_CONVERSION = YES;
				GCC_WARN_ABOUT_RETURN_TYPE = YES_ERROR;
				GCC_WARN_UNDECLARED_SELECTOR = YES;
				GCC_WARN_UNINITIALIZED_AUTOS = YES_AGGRESSIVE;
				GCC_WARN_UNUSED_FUNCTION = YES;
				GCC_WARN_UNUSED_VARIABLE = YES;
				IPHONEOS_DEPLOYMENT_TARGET = 13.0;
				MTL_ENABLE_DEBUG_INFO = NO;
				MTL_FAST_MATH = YES;
				SDKROOT = iphoneos;
				SWIFT_COMPILATION_MODE = wholemodule;
				SWIFT_OPTIMIZATION_LEVEL = "-O";
				VALIDATE_PRODUCT = YES;
			};
			name = Release;
		};
		D73FB5B625B03032004F63EE /* Debug */ = {
			isa = XCBuildConfiguration;
			buildSettings = {
				ASSETCATALOG_COMPILER_APPICON_NAME = AppIcon;
				ASSETCATALOG_COMPILER_GLOBAL_ACCENT_COLOR_NAME = AccentColor;
				CODE_SIGN_STYLE = Automatic;
				INFOPLIST_FILE = RJPSNativeMobileUIClient/Info.plist;
				LD_RUNPATH_SEARCH_PATHS = (
					"$(inherited)",
					"@executable_path/Frameworks",
				);
				PRODUCT_BUNDLE_IDENTIFIER = rjps.RJPSNativeMobileUIClient;
				PRODUCT_NAME = "$(TARGET_NAME)";
				SWIFT_VERSION = 5.0;
				TARGETED_DEVICE_FAMILY = "1,2";
			};
			name = Debug;
		};
		D73FB5B725B03032004F63EE /* Release */ = {
			isa = XCBuildConfiguration;
			buildSettings = {
				ASSETCATALOG_COMPILER_APPICON_NAME = AppIcon;
				ASSETCATALOG_COMPILER_GLOBAL_ACCENT_COLOR_NAME = AccentColor;
				CODE_SIGN_STYLE = Automatic;
				INFOPLIST_FILE = RJPSNativeMobileUIClient/Info.plist;
				LD_RUNPATH_SEARCH_PATHS = (
					"$(inherited)",
					"@executable_path/Frameworks",
				);
				PRODUCT_BUNDLE_IDENTIFIER = rjps.RJPSNativeMobileUIClient;
				PRODUCT_NAME = "$(TARGET_NAME)";
				SWIFT_VERSION = 5.0;
				TARGETED_DEVICE_FAMILY = "1,2";
			};
			name = Release;
		};
/* End XCBuildConfiguration section */

/* Begin XCConfigurationList section */
		D73FB59C25B03031004F63EE /* Build configuration list for PBXProject "RJPSNativeMobileUIClient" */ = {
			isa = XCConfigurationList;
			buildConfigurations = (
				D73FB5B325B03032004F63EE /* Debug */,
				D73FB5B425B03032004F63EE /* Release */,
			);
			defaultConfigurationIsVisible = 0;
			defaultConfigurationName = Release;
		};
		D73FB5B525B03032004F63EE /* Build configuration list for PBXNativeTarget "RJPSNativeMobileUIClient" */ = {
			isa = XCConfigurationList;
			buildConfigurations = (
				D73FB5B625B03032004F63EE /* Debug */,
				D73FB5B725B03032004F63EE /* Release */,
			);
			defaultConfigurationIsVisible = 0;
			defaultConfigurationName = Release;
		};
/* End XCConfigurationList section */

/* Begin XCRemoteSwiftPackageReference section */
		D73BCCC025B3BB3300897224 /* XCRemoteSwiftPackageReference "TinyConstraints" */ = {
			isa = XCRemoteSwiftPackageReference;
			repositoryURL = "https://github.com/roberthein/TinyConstraints";
			requirement = {
				kind = upToNextMajorVersion;
				minimumVersion = 4.0.1;
			};
		};
		D777521C25B230540021ADFF /* XCRemoteSwiftPackageReference "RJSLibUF" */ = {
			isa = XCRemoteSwiftPackageReference;
			repositoryURL = "https://github.com/ricardopsantos/RJSLibUF";
			requirement = {
				branch = develop;
				kind = branch;
			};
		};
/* End XCRemoteSwiftPackageReference section */

/* Begin XCSwiftPackageProductDependency section */
		D73BCCC125B3BB3400897224 /* TinyConstraints */ = {
			isa = XCSwiftPackageProductDependency;
			package = D73BCCC025B3BB3300897224 /* XCRemoteSwiftPackageReference "TinyConstraints" */;
			productName = TinyConstraints;
		};
		D777521F25B230540021ADFF /* RJSLibUFBase */ = {
			isa = XCSwiftPackageProductDependency;
			package = D777521C25B230540021ADFF /* XCRemoteSwiftPackageReference "RJSLibUF" */;
			productName = RJSLibUFBase;
		};
		D777522325B230540021ADFF /* RJSLibUFAppThemes */ = {
			isa = XCSwiftPackageProductDependency;
			package = D777521C25B230540021ADFF /* XCRemoteSwiftPackageReference "RJSLibUF" */;
			productName = RJSLibUFAppThemes;
		};
/* End XCSwiftPackageProductDependency section */
	};
	rootObject = D73FB59925B03031004F63EE /* Project object */;
}
